
Microsoft Visual Studio Solution File, Format Version 12.00
# Visual Studio 14
VisualStudioVersion = 14.0.25420.1
MinimumVisualStudioVersion = 10.0.40219.1
Project("{FAE04EC0-301F-11D3-BF4B-00C04F79EFBC}") = "Lolipop AI interface", "Lolipop AI interface\Lolipop AI interface.csproj", "{2E1A8A99-23E8-4C00-B2D6-7E52C19B7043}"
EndProject
Project("{FAE04EC0-301F-11D3-BF4B-00C04F79EFBC}") = "Client Simulate", "Client Simulate\Client Simulate.csproj", "{ED128702-EBD5-49EB-88D1-0FF7ED16D6F5}"
EndProject
Global
	GlobalSection(Performance) = preSolution
		HasPerformanceSessions = true
	EndGlobalSection
	GlobalSection(SolutionConfigurationPlatforms) = preSolution
		Debug|Any CPU = Debug|Any CPU
		Debug|ARM = Debug|ARM
		Debug|x64 = Debug|x64
		Debug|x86 = Debug|x86
		Release|Any CPU = Release|Any CPU
		Release|ARM = Release|ARM
		Release|x64 = Release|x64
		Release|x86 = Release|x86
	EndGlobalSection
	GlobalSection(ProjectConfigurationPlatforms) = postSolution
		{2E1A8A99-23E8-4C00-B2D6-7E52C19B7043}.Debug|Any CPU.ActiveCfg = Debug|Any CPU
		{2E1A8A99-23E8-4C00-B2D6-7E52C19B7043}.Debug|Any CPU.Build.0 = Debug|Any CPU
		{2E1A8A99-23E8-4C00-B2D6-7E52C19B7043}.Debug|ARM.ActiveCfg = Debug|Any CPU
		{2E1A8A99-23E8-4C00-B2D6-7E52C19B7043}.Debug|ARM.Build.0 = Debug|Any CPU
		{2E1A8A99-23E8-4C00-B2D6-7E52C19B7043}.Debug|x64.ActiveCfg = Debug|Any CPU
		{2E1A8A99-23E8-4C00-B2D6-7E52C19B7043}.Debug|x64.Build.0 = Debug|Any CPU
		{2E1A8A99-23E8-4C00-B2D6-7E52C19B7043}.Debug|x86.ActiveCfg = Debug|Any CPU
		{2E1A8A99-23E8-4C00-B2D6-7E52C19B7043}.Debug|x86.Build.0 = Debug|Any CPU
		{2E1A8A99-23E8-4C00-B2D6-7E52C19B7043}.Release|Any CPU.ActiveCfg = Release|Any CPU
		{2E1A8A99-23E8-4C00-B2D6-7E52C19B7043}.Release|Any CPU.Build.0 = Release|Any CPU
		{2E1A8A99-23E8-4C00-B2D6-7E52C19B7043}.Release|ARM.ActiveCfg = Release|Any CPU
		{2E1A8A99-23E8-4C00-B2D6-7E52C19B7043}.Release|ARM.Build.0 = Release|Any CPU
		{2E1A8A99-23E8-4C00-B2D6-7E52C19B7043}.Release|x64.ActiveCfg = Release|Any CPU
		{2E1A8A99-23E8-4C00-B2D6-7E52C19B7043}.Release|x64.Build.0 = Release|Any CPU
		{2E1A8A99-23E8-4C00-B2D6-7E52C19B7043}.Release|x86.ActiveCfg = Release|Any CPU
		{2E1A8A99-23E8-4C00-B2D6-7E52C19B7043}.Release|x86.Build.0 = Release|Any CPU
		{ED128702-EBD5-49EB-88D1-0FF7ED16D6F5}.Debug|Any CPU.ActiveCfg = Debug|Any CPU
		{ED128702-EBD5-49EB-88D1-0FF7ED16D6F5}.Debug|Any CPU.Build.0 = Debug|Any CPU
		{ED128702-EBD5-49EB-88D1-0FF7ED16D6F5}.Debug|ARM.ActiveCfg = Debug|Any CPU
		{ED128702-EBD5-49EB-88D1-0FF7ED16D6F5}.Debug|ARM.Build.0 = Debug|Any CPU
		{ED128702-EBD5-49EB-88D1-0FF7ED16D6F5}.Debug|x64.ActiveCfg = Debug|Any CPU
		{ED128702-EBD5-49EB-88D1-0FF7ED16D6F5}.Debug|x64.Build.0 = Debug|Any CPU
		{ED128702-EBD5-49EB-88D1-0FF7ED16D6F5}.Debug|x86.ActiveCfg = Debug|Any CPU
		{ED128702-EBD5-49EB-88D1-0FF7ED16D6F5}.Debug|x86.Build.0 = Debug|Any CPU
		{ED128702-EBD5-49EB-88D1-0FF7ED16D6F5}.Release|Any CPU.ActiveCfg = Release|Any CPU
		{ED128702-EBD5-49EB-88D1-0FF7ED16D6F5}.Release|Any CPU.Build.0 = Release|Any CPU
		{ED128702-EBD5-49EB-88D1-0FF7ED16D6F5}.Release|ARM.ActiveCfg = Release|Any CPU
		{ED128702-EBD5-49EB-88D1-0FF7ED16D6F5}.Release|ARM.Build.0 = Release|Any CPU
		{ED128702-EBD5-49EB-88D1-0FF7ED16D6F5}.Release|x64.ActiveCfg = Release|Any CPU
		{ED128702-EBD5-49EB-88D1-0FF7ED16D6F5}.Release|x64.Build.0 = Release|Any CPU
		{ED128702-EBD5-49EB-88D1-0FF7ED16D6F5}.Release|x86.ActiveCfg = Release|Any CPU
		{ED128702-EBD5-49EB-88D1-0FF7ED16D6F5}.Release|x86.Build.0 = Release|Any CPU
	EndGlobalSection
	GlobalSection(SolutionProperties) = preSolution
		HideSolutionNode = FALSE
	EndGlobalSection
EndGlobal
